
Microsoft Visual Studio Solution File, Format Version 12.00
# Visual Studio 14
VisualStudioVersion = 14.0.25420.1
MinimumVisualStudioVersion = 10.0.40219.1
Project("{FAE04EC0-301F-11D3-BF4B-00C04F79EFBC}") = "SweetScent.Android", "SweetScent.Android\SweetScent.Android.csproj", "{474D4CC5-F476-4BCE-91EB-CD6B40D77049}"
EndProject
Project("{FAE04EC0-301F-11D3-BF4B-00C04F79EFBC}") = "SweetScent.Core", "SweetScent.Core\SweetScent.Core.csproj", "{2F6A5DD4-212D-42F1-BC14-C32F710EA1C6}"
EndProject
Project("{FAE04EC0-301F-11D3-BF4B-00C04F79EFBC}") = "PokemonGo.RocketAPI", "..\..\..\..\Source\Repos\PogoRocketAPI\PokemonGo.RocketAPI\PokemonGo.RocketAPI.csproj", "{05D2DA44-1B8E-4CF7-94ED-4D52451CD095}"
EndProject
Project("{FAE04EC0-301F-11D3-BF4B-00C04F79EFBC}") = "SweetScent.iOS", "SweetScent.iOS\SweetScent.iOS.csproj", "{139122E3-C2AC-4D97-8317-2F8B3919F61E}"
EndProject
Global
	GlobalSection(SolutionConfigurationPlatforms) = preSolution
		Ad-Hoc|Any CPU = Ad-Hoc|Any CPU
		Ad-Hoc|iPhone = Ad-Hoc|iPhone
		Ad-Hoc|iPhoneSimulator = Ad-Hoc|iPhoneSimulator
		AppStore|Any CPU = AppStore|Any CPU
		AppStore|iPhone = AppStore|iPhone
		AppStore|iPhoneSimulator = AppStore|iPhoneSimulator
		Debug|Any CPU = Debug|Any CPU
		Debug|iPhone = Debug|iPhone
		Debug|iPhoneSimulator = Debug|iPhoneSimulator
		Release|Any CPU = Release|Any CPU
		Release|iPhone = Release|iPhone
		Release|iPhoneSimulator = Release|iPhoneSimulator
	EndGlobalSection
	GlobalSection(ProjectConfigurationPlatforms) = postSolution
		{474D4CC5-F476-4BCE-91EB-CD6B40D77049}.Ad-Hoc|Any CPU.ActiveCfg = Release|Any CPU
		{474D4CC5-F476-4BCE-91EB-CD6B40D77049}.Ad-Hoc|Any CPU.Build.0 = Release|Any CPU
		{474D4CC5-F476-4BCE-91EB-CD6B40D77049}.Ad-Hoc|Any CPU.Deploy.0 = Release|Any CPU
		{474D4CC5-F476-4BCE-91EB-CD6B40D77049}.Ad-Hoc|iPhone.ActiveCfg = Release|Any CPU
		{474D4CC5-F476-4BCE-91EB-CD6B40D77049}.Ad-Hoc|iPhone.Build.0 = Release|Any CPU
		{474D4CC5-F476-4BCE-91EB-CD6B40D77049}.Ad-Hoc|iPhone.Deploy.0 = Release|Any CPU
		{474D4CC5-F476-4BCE-91EB-CD6B40D77049}.Ad-Hoc|iPhoneSimulator.ActiveCfg = Release|Any CPU
		{474D4CC5-F476-4BCE-91EB-CD6B40D77049}.Ad-Hoc|iPhoneSimulator.Build.0 = Release|Any CPU
		{474D4CC5-F476-4BCE-91EB-CD6B40D77049}.Ad-Hoc|iPhoneSimulator.Deploy.0 = Release|Any CPU
		{474D4CC5-F476-4BCE-91EB-CD6B40D77049}.AppStore|Any CPU.ActiveCfg = Release|Any CPU
		{474D4CC5-F476-4BCE-91EB-CD6B40D77049}.AppStore|Any CPU.Build.0 = Release|Any CPU
		{474D4CC5-F476-4BCE-91EB-CD6B40D77049}.AppStore|Any CPU.Deploy.0 = Release|Any CPU
		{474D4CC5-F476-4BCE-91EB-CD6B40D77049}.AppStore|iPhone.ActiveCfg = Release|Any CPU
		{474D4CC5-F476-4BCE-91EB-CD6B40D77049}.AppStore|iPhone.Build.0 = Release|Any CPU
		{474D4CC5-F476-4BCE-91EB-CD6B40D77049}.AppStore|iPhone.Deploy.0 = Release|Any CPU
		{474D4CC5-F476-4BCE-91EB-CD6B40D77049}.AppStore|iPhoneSimulator.ActiveCfg = Release|Any CPU
		{474D4CC5-F476-4BCE-91EB-CD6B40D77049}.AppStore|iPhoneSimulator.Build.0 = Release|Any CPU
		{474D4CC5-F476-4BCE-91EB-CD6B40D77049}.AppStore|iPhoneSimulator.Deploy.0 = Release|Any CPU
		{474D4CC5-F476-4BCE-91EB-CD6B40D77049}.Debug|Any CPU.ActiveCfg = Debug|Any CPU
		{474D4CC5-F476-4BCE-91EB-CD6B40D77049}.Debug|Any CPU.Build.0 = Debug|Any CPU
		{474D4CC5-F476-4BCE-91EB-CD6B40D77049}.Debug|Any CPU.Deploy.0 = Debug|Any CPU
		{474D4CC5-F476-4BCE-91EB-CD6B40D77049}.Debug|iPhone.ActiveCfg = Debug|Any CPU
		{474D4CC5-F476-4BCE-91EB-CD6B40D77049}.Debug|iPhone.Build.0 = Debug|Any CPU
		{474D4CC5-F476-4BCE-91EB-CD6B40D77049}.Debug|iPhone.Deploy.0 = Debug|Any CPU
		{474D4CC5-F476-4BCE-91EB-CD6B40D77049}.Debug|iPhoneSimulator.ActiveCfg = Debug|Any CPU
		{474D4CC5-F476-4BCE-91EB-CD6B40D77049}.Debug|iPhoneSimulator.Build.0 = Debug|Any CPU
		{474D4CC5-F476-4BCE-91EB-CD6B40D77049}.Debug|iPhoneSimulator.Deploy.0 = Debug|Any CPU
		{474D4CC5-F476-4BCE-91EB-CD6B40D77049}.Release|Any CPU.ActiveCfg = Release|Any CPU
		{474D4CC5-F476-4BCE-91EB-CD6B40D77049}.Release|Any CPU.Build.0 = Release|Any CPU
		{474D4CC5-F476-4BCE-91EB-CD6B40D77049}.Release|Any CPU.Deploy.0 = Release|Any CPU
		{474D4CC5-F476-4BCE-91EB-CD6B40D77049}.Release|iPhone.ActiveCfg = Release|Any CPU
		{474D4CC5-F476-4BCE-91EB-CD6B40D77049}.Release|iPhone.Build.0 = Release|Any CPU
		{474D4CC5-F476-4BCE-91EB-CD6B40D77049}.Release|iPhone.Deploy.0 = Release|Any CPU
		{474D4CC5-F476-4BCE-91EB-CD6B40D77049}.Release|iPhoneSimulator.ActiveCfg = Release|Any CPU
		{474D4CC5-F476-4BCE-91EB-CD6B40D77049}.Release|iPhoneSimulator.Build.0 = Release|Any CPU
		{474D4CC5-F476-4BCE-91EB-CD6B40D77049}.Release|iPhoneSimulator.Deploy.0 = Release|Any CPU
		{2F6A5DD4-212D-42F1-BC14-C32F710EA1C6}.Ad-Hoc|Any CPU.ActiveCfg = Release|Any CPU
		{2F6A5DD4-212D-42F1-BC14-C32F710EA1C6}.Ad-Hoc|Any CPU.Build.0 = Release|Any CPU
		{2F6A5DD4-212D-42F1-BC14-C32F710EA1C6}.Ad-Hoc|iPhone.ActiveCfg = Release|Any CPU
		{2F6A5DD4-212D-42F1-BC14-C32F710EA1C6}.Ad-Hoc|iPhone.Build.0 = Release|Any CPU
		{2F6A5DD4-212D-42F1-BC14-C32F710EA1C6}.Ad-Hoc|iPhoneSimulator.ActiveCfg = Release|Any CPU
		{2F6A5DD4-212D-42F1-BC14-C32F710EA1C6}.Ad-Hoc|iPhoneSimulator.Build.0 = Release|Any CPU
		{2F6A5DD4-212D-42F1-BC14-C32F710EA1C6}.AppStore|Any CPU.ActiveCfg = Release|Any CPU
		{2F6A5DD4-212D-42F1-BC14-C32F710EA1C6}.AppStore|Any CPU.Build.0 = Release|Any CPU
		{2F6A5DD4-212D-42F1-BC14-C32F710EA1C6}.AppStore|iPhone.ActiveCfg = Release|Any CPU
		{2F6A5DD4-212D-42F1-BC14-C32F710EA1C6}.AppStore|iPhone.Build.0 = Release|Any CPU
		{2F6A5DD4-212D-42F1-BC14-C32F710EA1C6}.AppStore|iPhoneSimulator.ActiveCfg = Release|Any CPU
		{2F6A5DD4-212D-42F1-BC14-C32F710EA1C6}.AppStore|iPhoneSimulator.Build.0 = Release|Any CPU
		{2F6A5DD4-212D-42F1-BC14-C32F710EA1C6}.Debug|Any CPU.ActiveCfg = Debug|Any CPU
		{2F6A5DD4-212D-42F1-BC14-C32F710EA1C6}.Debug|Any CPU.Build.0 = Debug|Any CPU
		{2F6A5DD4-212D-42F1-BC14-C32F710EA1C6}.Debug|iPhone.ActiveCfg = Debug|Any CPU
		{2F6A5DD4-212D-42F1-BC14-C32F710EA1C6}.Debug|iPhone.Build.0 = Debug|Any CPU
		{2F6A5DD4-212D-42F1-BC14-C32F710EA1C6}.Debug|iPhoneSimulator.ActiveCfg = Debug|Any CPU
		{2F6A5DD4-212D-42F1-BC14-C32F710EA1C6}.Debug|iPhoneSimulator.Build.0 = Debug|Any CPU
		{2F6A5DD4-212D-42F1-BC14-C32F710EA1C6}.Release|Any CPU.ActiveCfg = Release|Any CPU
		{2F6A5DD4-212D-42F1-BC14-C32F710EA1C6}.Release|Any CPU.Build.0 = Release|Any CPU
		{2F6A5DD4-212D-42F1-BC14-C32F710EA1C6}.Release|iPhone.ActiveCfg = Release|Any CPU
		{2F6A5DD4-212D-42F1-BC14-C32F710EA1C6}.Release|iPhone.Build.0 = Release|Any CPU
		{2F6A5DD4-212D-42F1-BC14-C32F710EA1C6}.Release|iPhoneSimulator.ActiveCfg = Release|Any CPU
		{2F6A5DD4-212D-42F1-BC14-C32F710EA1C6}.Release|iPhoneSimulator.Build.0 = Release|Any CPU
		{05D2DA44-1B8E-4CF7-94ED-4D52451CD095}.Ad-Hoc|Any CPU.ActiveCfg = Release|Any CPU
		{05D2DA44-1B8E-4CF7-94ED-4D52451CD095}.Ad-Hoc|Any CPU.Build.0 = Release|Any CPU
		{05D2DA44-1B8E-4CF7-94ED-4D52451CD095}.Ad-Hoc|iPhone.ActiveCfg = Release|Any CPU
		{05D2DA44-1B8E-4CF7-94ED-4D52451CD095}.Ad-Hoc|iPhone.Build.0 = Release|Any CPU
		{05D2DA44-1B8E-4CF7-94ED-4D52451CD095}.Ad-Hoc|iPhoneSimulator.ActiveCfg = Release|Any CPU
		{05D2DA44-1B8E-4CF7-94ED-4D52451CD095}.Ad-Hoc|iPhoneSimulator.Build.0 = Release|Any CPU
		{05D2DA44-1B8E-4CF7-94ED-4D52451CD095}.AppStore|Any CPU.ActiveCfg = Release|Any CPU
		{05D2DA44-1B8E-4CF7-94ED-4D52451CD095}.AppStore|Any CPU.Build.0 = Release|Any CPU
		{05D2DA44-1B8E-4CF7-94ED-4D52451CD095}.AppStore|iPhone.ActiveCfg = Release|Any CPU
		{05D2DA44-1B8E-4CF7-94ED-4D52451CD095}.AppStore|iPhone.Build.0 = Release|Any CPU
		{05D2DA44-1B8E-4CF7-94ED-4D52451CD095}.AppStore|iPhoneSimulator.ActiveCfg = Release|Any CPU
		{05D2DA44-1B8E-4CF7-94ED-4D52451CD095}.AppStore|iPhoneSimulator.Build.0 = Release|Any CPU
		{05D2DA44-1B8E-4CF7-94ED-4D52451CD095}.Debug|Any CPU.ActiveCfg = Debug|Any CPU
		{05D2DA44-1B8E-4CF7-94ED-4D52451CD095}.Debug|Any CPU.Build.0 = Debug|Any CPU
		{05D2DA44-1B8E-4CF7-94ED-4D52451CD095}.Debug|iPhone.ActiveCfg = Debug|Any CPU
		{05D2DA44-1B8E-4CF7-94ED-4D52451CD095}.Debug|iPhone.Build.0 = Debug|Any CPU
		{05D2DA44-1B8E-4CF7-94ED-4D52451CD095}.Debug|iPhoneSimulator.ActiveCfg = Debug|Any CPU
		{05D2DA44-1B8E-4CF7-94ED-4D52451CD095}.Debug|iPhoneSimulator.Build.0 = Debug|Any CPU
		{05D2DA44-1B8E-4CF7-94ED-4D52451CD095}.Release|Any CPU.ActiveCfg = Release|Any CPU
		{05D2DA44-1B8E-4CF7-94ED-4D52451CD095}.Release|Any CPU.Build.0 = Release|Any CPU
		{05D2DA44-1B8E-4CF7-94ED-4D52451CD095}.Release|iPhone.ActiveCfg = Release|Any CPU
		{05D2DA44-1B8E-4CF7-94ED-4D52451CD095}.Release|iPhone.Build.0 = Release|Any CPU
		{05D2DA44-1B8E-4CF7-94ED-4D52451CD095}.Release|iPhoneSimulator.ActiveCfg = Release|Any CPU
		{05D2DA44-1B8E-4CF7-94ED-4D52451CD095}.Release|iPhoneSimulator.Build.0 = Release|Any CPU
		{139122E3-C2AC-4D97-8317-2F8B3919F61E}.Ad-Hoc|Any CPU.ActiveCfg = Ad-Hoc|iPhone
		{139122E3-C2AC-4D97-8317-2F8B3919F61E}.Ad-Hoc|iPhone.ActiveCfg = Ad-Hoc|iPhone
		{139122E3-C2AC-4D97-8317-2F8B3919F61E}.Ad-Hoc|iPhone.Build.0 = Ad-Hoc|iPhone
		{139122E3-C2AC-4D97-8317-2F8B3919F61E}.Ad-Hoc|iPhoneSimulator.ActiveCfg = Ad-Hoc|iPhoneSimulator
		{139122E3-C2AC-4D97-8317-2F8B3919F61E}.Ad-Hoc|iPhoneSimulator.Build.0 = Ad-Hoc|iPhoneSimulator
		{139122E3-C2AC-4D97-8317-2F8B3919F61E}.AppStore|Any CPU.ActiveCfg = AppStore|iPhone
		{139122E3-C2AC-4D97-8317-2F8B3919F61E}.AppStore|iPhone.ActiveCfg = AppStore|iPhone
		{139122E3-C2AC-4D97-8317-2F8B3919F61E}.AppStore|iPhone.Build.0 = AppStore|iPhone
		{139122E3-C2AC-4D97-8317-2F8B3919F61E}.AppStore|iPhoneSimulator.ActiveCfg = AppStore|iPhoneSimulator
		{139122E3-C2AC-4D97-8317-2F8B3919F61E}.AppStore|iPhoneSimulator.Build.0 = AppStore|iPhoneSimulator
		{139122E3-C2AC-4D97-8317-2F8B3919F61E}.Debug|Any CPU.ActiveCfg = Debug|iPhone
		{139122E3-C2AC-4D97-8317-2F8B3919F61E}.Debug|iPhone.ActiveCfg = Debug|iPhone
		{139122E3-C2AC-4D97-8317-2F8B3919F61E}.Debug|iPhone.Build.0 = Debug|iPhone
		{139122E3-C2AC-4D97-8317-2F8B3919F61E}.Debug|iPhoneSimulator.ActiveCfg = Debug|iPhoneSimulator
		{139122E3-C2AC-4D97-8317-2F8B3919F61E}.Debug|iPhoneSimulator.Build.0 = Debug|iPhoneSimulator
		{139122E3-C2AC-4D97-8317-2F8B3919F61E}.Release|Any CPU.ActiveCfg = Release|iPhone
		{139122E3-C2AC-4D97-8317-2F8B3919F61E}.Release|iPhone.ActiveCfg = Release|iPhone
		{139122E3-C2AC-4D97-8317-2F8B3919F61E}.Release|iPhone.Build.0 = Release|iPhone
		{139122E3-C2AC-4D97-8317-2F8B3919F61E}.Release|iPhoneSimulator.ActiveCfg = Release|iPhoneSimulator
		{139122E3-C2AC-4D97-8317-2F8B3919F61E}.Release|iPhoneSimulator.Build.0 = Release|iPhoneSimulator
	EndGlobalSection
	GlobalSection(SolutionProperties) = preSolution
		HideSolutionNode = FALSE
	EndGlobalSection
EndGlobal
