
Microsoft Visual Studio Solution File, Format Version 12.00
# Visual Studio 14
VisualStudioVersion = 14.0.25420.1
MinimumVisualStudioVersion = 10.0.40219.1
Project("{FAE04EC0-301F-11D3-BF4B-00C04F79EFBC}") = "SweetScent.Android", "SweetScent.Android\SweetScent.Android.csproj", "{474D4CC5-F476-4BCE-91EB-CD6B40D77049}"
EndProject
Project("{FAE04EC0-301F-11D3-BF4B-00C04F79EFBC}") = "SweetScent.Core", "SweetScent.Core\SweetScent.Core.csproj", "{2F6A5DD4-212D-42F1-BC14-C32F710EA1C6}"
EndProject
Global
	GlobalSection(SolutionConfigurationPlatforms) = preSolution
		Debug|Any CPU = Debug|Any CPU
		Release|Any CPU = Release|Any CPU
	EndGlobalSection
	GlobalSection(ProjectConfigurationPlatforms) = postSolution
		{474D4CC5-F476-4BCE-91EB-CD6B40D77049}.Debug|Any CPU.ActiveCfg = Debug|Any CPU
		{474D4CC5-F476-4BCE-91EB-CD6B40D77049}.Debug|Any CPU.Build.0 = Debug|Any CPU
		{474D4CC5-F476-4BCE-91EB-CD6B40D77049}.Debug|Any CPU.Deploy.0 = Debug|Any CPU
		{474D4CC5-F476-4BCE-91EB-CD6B40D77049}.Release|Any CPU.ActiveCfg = Release|Any CPU
		{474D4CC5-F476-4BCE-91EB-CD6B40D77049}.Release|Any CPU.Build.0 = Release|Any CPU
		{474D4CC5-F476-4BCE-91EB-CD6B40D77049}.Release|Any CPU.Deploy.0 = Release|Any CPU
		{2F6A5DD4-212D-42F1-BC14-C32F710EA1C6}.Debug|Any CPU.ActiveCfg = Debug|Any CPU
		{2F6A5DD4-212D-42F1-BC14-C32F710EA1C6}.Debug|Any CPU.Build.0 = Debug|Any CPU
		{2F6A5DD4-212D-42F1-BC14-C32F710EA1C6}.Release|Any CPU.ActiveCfg = Release|Any CPU
		{2F6A5DD4-212D-42F1-BC14-C32F710EA1C6}.Release|Any CPU.Build.0 = Release|Any CPU
	EndGlobalSection
	GlobalSection(SolutionProperties) = preSolution
		HideSolutionNode = FALSE
	EndGlobalSection
EndGlobal
